
Microsoft Visual Studio Solution File, Format Version 12.00
# Visual Studio Version 17
VisualStudioVersion = 17.8.34309.116
MinimumVisualStudioVersion = 10.0.40219.1
Project("{FAE04EC0-301F-11D3-BF4B-00C04F79EFBC}") = "Swarojgaar", "Swarojgaar.csproj", "{55DEA46C-1E5C-40B0-B0CB-B3B8FC58B55E}"
EndProject
Global
	GlobalSection(SolutionConfigurationPlatforms) = preSolution
		Debug|Any CPU = Debug|Any CPU
		Release|Any CPU = Release|Any CPU
	EndGlobalSection
	GlobalSection(ProjectConfigurationPlatforms) = postSolution
		{55DEA46C-1E5C-40B0-B0CB-B3B8FC58B55E}.Debug|Any CPU.ActiveCfg = Debug|Any CPU
		{55DEA46C-1E5C-40B0-B0CB-B3B8FC58B55E}.Debug|Any CPU.Build.0 = Debug|Any CPU
		{55DEA46C-1E5C-40B0-B0CB-B3B8FC58B55E}.Release|Any CPU.ActiveCfg = Release|Any CPU
		{55DEA46C-1E5C-40B0-B0CB-B3B8FC58B55E}.Release|Any CPU.Build.0 = Release|Any CPU
	EndGlobalSection
	GlobalSection(SolutionProperties) = preSolution
		HideSolutionNode = FALSE
	EndGlobalSection
	GlobalSection(ExtensibilityGlobals) = postSolution
		SolutionGuid = {30B9219D-B14D-4B85-9D35-1B1BE3F70CC5}
	EndGlobalSection
EndGlobal
